
Microsoft Visual Studio Solution File, Format Version 12.00
# Visual Studio Version 17
VisualStudioVersion = 17.13.35825.156 d17.13
MinimumVisualStudioVersion = 10.0.40219.1
Project("{FAE04EC0-301F-11D3-BF4B-00C04F79EFBC}") = "CoffeeMap", "CoffeeMap\CoffeeMap.csproj", "{0CB8A5CA-C1E4-4FE7-9112-21065D96B62C}"
EndProject
Global
	GlobalSection(SolutionConfigurationPlatforms) = preSolution
		Debug|Any CPU = Debug|Any CPU
		Release|Any CPU = Release|Any CPU
	EndGlobalSection
	GlobalSection(ProjectConfigurationPlatforms) = postSolution
		{0CB8A5CA-C1E4-4FE7-9112-21065D96B62C}.Debug|Any CPU.ActiveCfg = Debug|Any CPU
		{0CB8A5CA-C1E4-4FE7-9112-21065D96B62C}.Debug|Any CPU.Build.0 = Debug|Any CPU
		{0CB8A5CA-C1E4-4FE7-9112-21065D96B62C}.Release|Any CPU.ActiveCfg = Release|Any CPU
		{0CB8A5CA-C1E4-4FE7-9112-21065D96B62C}.Release|Any CPU.Build.0 = Release|Any CPU
	EndGlobalSection
	GlobalSection(SolutionProperties) = preSolution
		HideSolutionNode = FALSE
	EndGlobalSection
	GlobalSection(ExtensibilityGlobals) = postSolution
		SolutionGuid = {C850AD54-C095-46FD-8E62-BCA35733F9FA}
	EndGlobalSection
EndGlobal
